
Microsoft Visual Studio Solution File, Format Version 12.00
# Visual Studio Version 17
VisualStudioVersion = 17.4.33213.308
MinimumVisualStudioVersion = 10.0.40219.1
Project("{FAE04EC0-301F-11D3-BF4B-00C04F79EFBC}") = "RSNiniChanger", "RSNiniChanger.csproj", "{BA3BD22B-2AB6-46E9-84E3-25D0BB8AB7CA}"
EndProject
Global
	GlobalSection(SolutionConfigurationPlatforms) = preSolution
		Debug|Any CPU = Debug|Any CPU
		Release|Any CPU = Release|Any CPU
	EndGlobalSection
	GlobalSection(ProjectConfigurationPlatforms) = postSolution
		{BA3BD22B-2AB6-46E9-84E3-25D0BB8AB7CA}.Debug|Any CPU.ActiveCfg = Debug|Any CPU
		{BA3BD22B-2AB6-46E9-84E3-25D0BB8AB7CA}.Debug|Any CPU.Build.0 = Debug|Any CPU
		{BA3BD22B-2AB6-46E9-84E3-25D0BB8AB7CA}.Release|Any CPU.ActiveCfg = Release|Any CPU
		{BA3BD22B-2AB6-46E9-84E3-25D0BB8AB7CA}.Release|Any CPU.Build.0 = Release|Any CPU
	EndGlobalSection
	GlobalSection(SolutionProperties) = preSolution
		HideSolutionNode = FALSE
	EndGlobalSection
	GlobalSection(ExtensibilityGlobals) = postSolution
		SolutionGuid = {993B0920-EF33-4DAE-96C5-0BD02E2616D0}
	EndGlobalSection
EndGlobal
